
Microsoft Visual Studio Solution File, Format Version 12.00
# Visual Studio Version 17
VisualStudioVersion = 17.14.36623.8 d17.14
MinimumVisualStudioVersion = 10.0.40219.1
Project("{FAE04EC0-301F-11D3-BF4B-00C04F79EFBC}") = "Pokedex", "Pokedex\Pokedex.csproj", "{B0A8ED79-2371-4B43-9EF0-863FA441F6AD}"
EndProject
Global
	GlobalSection(SolutionConfigurationPlatforms) = preSolution
		Debug|Any CPU = Debug|Any CPU
		Release|Any CPU = Release|Any CPU
	EndGlobalSection
	GlobalSection(ProjectConfigurationPlatforms) = postSolution
		{B0A8ED79-2371-4B43-9EF0-863FA441F6AD}.Debug|Any CPU.ActiveCfg = Debug|Any CPU
		{B0A8ED79-2371-4B43-9EF0-863FA441F6AD}.Debug|Any CPU.Build.0 = Debug|Any CPU
		{B0A8ED79-2371-4B43-9EF0-863FA441F6AD}.Release|Any CPU.ActiveCfg = Release|Any CPU
		{B0A8ED79-2371-4B43-9EF0-863FA441F6AD}.Release|Any CPU.Build.0 = Release|Any CPU
	EndGlobalSection
	GlobalSection(SolutionProperties) = preSolution
		HideSolutionNode = FALSE
	EndGlobalSection
	GlobalSection(ExtensibilityGlobals) = postSolution
		SolutionGuid = {13B4A7C8-2328-4861-93ED-FF22594C9ECB}
	EndGlobalSection
EndGlobal
